
Microsoft Visual Studio Solution File, Format Version 12.00
# Visual Studio 14
VisualStudioVersion = 14.0.25123.0
MinimumVisualStudioVersion = 10.0.40219.1
Project("{9092AA53-FB77-4645-B42D-1CCCA6BD08BD}") = "LazyFoodie", "LazyFoodie\LazyFoodie.njsproj", "{6098E7D6-1782-4614-92F6-43C152B54F0D}"
EndProject
Global
	GlobalSection(SolutionConfigurationPlatforms) = preSolution
		Debug|Any CPU = Debug|Any CPU
		Release|Any CPU = Release|Any CPU
	EndGlobalSection
	GlobalSection(ProjectConfigurationPlatforms) = postSolution
		{6098E7D6-1782-4614-92F6-43C152B54F0D}.Debug|Any CPU.ActiveCfg = Debug|Any CPU
		{6098E7D6-1782-4614-92F6-43C152B54F0D}.Debug|Any CPU.Build.0 = Debug|Any CPU
		{6098E7D6-1782-4614-92F6-43C152B54F0D}.Release|Any CPU.ActiveCfg = Release|Any CPU
		{6098E7D6-1782-4614-92F6-43C152B54F0D}.Release|Any CPU.Build.0 = Release|Any CPU
	EndGlobalSection
	GlobalSection(SolutionProperties) = preSolution
		HideSolutionNode = FALSE
	EndGlobalSection
EndGlobal
